
Microsoft Visual Studio Solution File, Format Version 9.00
# Visual Studio 2005
Project("{FAE04EC0-301F-11D3-BF4B-00C04F79EFBC}") = "Exercise2", "AddressList\Exercise2.csproj", "{C54EB559-7C65-4CB0-85EE-24E1877F9A09}"
EndProject
Global
	GlobalSection(SolutionConfigurationPlatforms) = preSolution
		Debug|Any CPU = Debug|Any CPU
		Release|Any CPU = Release|Any CPU
	EndGlobalSection
	GlobalSection(ProjectConfigurationPlatforms) = postSolution
		{C54EB559-7C65-4CB0-85EE-24E1877F9A09}.Debug|Any CPU.ActiveCfg = Debug|Any CPU
		{C54EB559-7C65-4CB0-85EE-24E1877F9A09}.Debug|Any CPU.Build.0 = Debug|Any CPU
		{C54EB559-7C65-4CB0-85EE-24E1877F9A09}.Release|Any CPU.ActiveCfg = Release|Any CPU
		{C54EB559-7C65-4CB0-85EE-24E1877F9A09}.Release|Any CPU.Build.0 = Release|Any CPU
	EndGlobalSection
	GlobalSection(SolutionProperties) = preSolution
		HideSolutionNode = FALSE
	EndGlobalSection
EndGlobal
