
Microsoft Visual Studio Solution File, Format Version 9.00
# Visual Studio 2005
Project("{FAE04EC0-301F-11D3-BF4B-00C04F79EFBC}") = "VendorPO", "VendorPO\VendorPO.csproj", "{593C4E07-1A68-40F4-B014-0857A9B8093C}"
EndProject
Global
	GlobalSection(SolutionConfigurationPlatforms) = preSolution
		Debug|Any CPU = Debug|Any CPU
		Release|Any CPU = Release|Any CPU
	EndGlobalSection
	GlobalSection(ProjectConfigurationPlatforms) = postSolution
		{593C4E07-1A68-40F4-B014-0857A9B8093C}.Debug|Any CPU.ActiveCfg = Debug|Any CPU
		{593C4E07-1A68-40F4-B014-0857A9B8093C}.Debug|Any CPU.Build.0 = Debug|Any CPU
		{593C4E07-1A68-40F4-B014-0857A9B8093C}.Release|Any CPU.ActiveCfg = Release|Any CPU
		{593C4E07-1A68-40F4-B014-0857A9B8093C}.Release|Any CPU.Build.0 = Release|Any CPU
	EndGlobalSection
	GlobalSection(SolutionProperties) = preSolution
		HideSolutionNode = FALSE
	EndGlobalSection
EndGlobal
