
Microsoft Visual Studio Solution File, Format Version 9.00
# Visual Studio 2005
Project("{FAE04EC0-301F-11D3-BF4B-00C04F79EFBC}") = "Transfer", "Transfer\Transfer.csproj", "{8F4D1D0A-7231-464D-AD8B-422F082F8945}"
EndProject
Global
	GlobalSection(SolutionConfigurationPlatforms) = preSolution
		Debug|Any CPU = Debug|Any CPU
		Release|Any CPU = Release|Any CPU
	EndGlobalSection
	GlobalSection(ProjectConfigurationPlatforms) = postSolution
		{8F4D1D0A-7231-464D-AD8B-422F082F8945}.Debug|Any CPU.ActiveCfg = Debug|Any CPU
		{8F4D1D0A-7231-464D-AD8B-422F082F8945}.Debug|Any CPU.Build.0 = Debug|Any CPU
		{8F4D1D0A-7231-464D-AD8B-422F082F8945}.Release|Any CPU.ActiveCfg = Release|Any CPU
		{8F4D1D0A-7231-464D-AD8B-422F082F8945}.Release|Any CPU.Build.0 = Release|Any CPU
	EndGlobalSection
	GlobalSection(SolutionProperties) = preSolution
		HideSolutionNode = FALSE
	EndGlobalSection
EndGlobal
