
Microsoft Visual Studio Solution File, Format Version 10.00
# Visual Studio Codename Orcas
Project("{FAE04EC0-301F-11D3-BF4B-00C04F79EFBC}") = "ProductProfit", "ProductProfit\ProductProfit.csproj", "{CD73F8BC-691D-4666-B74D-6E5AFBA66B8D}"
EndProject
Global
	GlobalSection(SolutionConfigurationPlatforms) = preSolution
		Debug|Any CPU = Debug|Any CPU
		Release|Any CPU = Release|Any CPU
	EndGlobalSection
	GlobalSection(ProjectConfigurationPlatforms) = postSolution
		{CD73F8BC-691D-4666-B74D-6E5AFBA66B8D}.Debug|Any CPU.ActiveCfg = Debug|Any CPU
		{CD73F8BC-691D-4666-B74D-6E5AFBA66B8D}.Debug|Any CPU.Build.0 = Debug|Any CPU
		{CD73F8BC-691D-4666-B74D-6E5AFBA66B8D}.Release|Any CPU.ActiveCfg = Release|Any CPU
		{CD73F8BC-691D-4666-B74D-6E5AFBA66B8D}.Release|Any CPU.Build.0 = Release|Any CPU
	EndGlobalSection
	GlobalSection(SolutionProperties) = preSolution
		HideSolutionNode = FALSE
	EndGlobalSection
EndGlobal
